
Microsoft Visual Studio Solution File, Format Version 12.00
# Visual Studio 14
VisualStudioVersion = 14.0.25420.1
MinimumVisualStudioVersion = 10.0.40219.1
Project("{FAE04EC0-301F-11D3-BF4B-00C04F79EFBC}") = "WorkstationTEST", "WorkstationTEST\WorkstationTEST.csproj", "{FD37FA7F-F1E8-448E-856E-37339B77A5F0}"
EndProject
Project("{54435603-DBB4-11D2-8724-00A0C9A8B90C}") = "workstation2", "workstation2\workstation2.vdproj", "{2E38A4EE-69C6-42E0-85BB-86363B8865AB}"
EndProject
Project("{54435603-DBB4-11D2-8724-00A0C9A8B90C}") = "workstation3", "workstation3\workstation3.vdproj", "{76F46718-9362-469B-B46C-B09D5E9114FA}"
EndProject
Global
	GlobalSection(SolutionConfigurationPlatforms) = preSolution
		Debug|Any CPU = Debug|Any CPU
		Debug|ARM = Debug|ARM
		Debug|ARM64 = Debug|ARM64
		Debug|x64 = Debug|x64
		Debug|x86 = Debug|x86
		Release|Any CPU = Release|Any CPU
		Release|ARM = Release|ARM
		Release|ARM64 = Release|ARM64
		Release|x64 = Release|x64
		Release|x86 = Release|x86
	EndGlobalSection
	GlobalSection(ProjectConfigurationPlatforms) = postSolution
		{FD37FA7F-F1E8-448E-856E-37339B77A5F0}.Debug|Any CPU.ActiveCfg = Debug|Any CPU
		{FD37FA7F-F1E8-448E-856E-37339B77A5F0}.Debug|Any CPU.Build.0 = Debug|Any CPU
		{FD37FA7F-F1E8-448E-856E-37339B77A5F0}.Debug|ARM.ActiveCfg = Debug|Any CPU
		{FD37FA7F-F1E8-448E-856E-37339B77A5F0}.Debug|ARM.Build.0 = Debug|Any CPU
		{FD37FA7F-F1E8-448E-856E-37339B77A5F0}.Debug|ARM64.ActiveCfg = Debug|Any CPU
		{FD37FA7F-F1E8-448E-856E-37339B77A5F0}.Debug|ARM64.Build.0 = Debug|Any CPU
		{FD37FA7F-F1E8-448E-856E-37339B77A5F0}.Debug|x64.ActiveCfg = Debug|Any CPU
		{FD37FA7F-F1E8-448E-856E-37339B77A5F0}.Debug|x64.Build.0 = Debug|Any CPU
		{FD37FA7F-F1E8-448E-856E-37339B77A5F0}.Debug|x86.ActiveCfg = Debug|Any CPU
		{FD37FA7F-F1E8-448E-856E-37339B77A5F0}.Debug|x86.Build.0 = Debug|Any CPU
		{FD37FA7F-F1E8-448E-856E-37339B77A5F0}.Release|Any CPU.ActiveCfg = Release|Any CPU
		{FD37FA7F-F1E8-448E-856E-37339B77A5F0}.Release|Any CPU.Build.0 = Release|Any CPU
		{FD37FA7F-F1E8-448E-856E-37339B77A5F0}.Release|ARM.ActiveCfg = Release|Any CPU
		{FD37FA7F-F1E8-448E-856E-37339B77A5F0}.Release|ARM.Build.0 = Release|Any CPU
		{FD37FA7F-F1E8-448E-856E-37339B77A5F0}.Release|ARM64.ActiveCfg = Release|Any CPU
		{FD37FA7F-F1E8-448E-856E-37339B77A5F0}.Release|ARM64.Build.0 = Release|Any CPU
		{FD37FA7F-F1E8-448E-856E-37339B77A5F0}.Release|x64.ActiveCfg = Release|Any CPU
		{FD37FA7F-F1E8-448E-856E-37339B77A5F0}.Release|x64.Build.0 = Release|Any CPU
		{FD37FA7F-F1E8-448E-856E-37339B77A5F0}.Release|x86.ActiveCfg = Release|Any CPU
		{FD37FA7F-F1E8-448E-856E-37339B77A5F0}.Release|x86.Build.0 = Release|Any CPU
		{2E38A4EE-69C6-42E0-85BB-86363B8865AB}.Debug|Any CPU.ActiveCfg = Debug
		{2E38A4EE-69C6-42E0-85BB-86363B8865AB}.Debug|ARM.ActiveCfg = Debug
		{2E38A4EE-69C6-42E0-85BB-86363B8865AB}.Debug|ARM64.ActiveCfg = Debug
		{2E38A4EE-69C6-42E0-85BB-86363B8865AB}.Debug|x64.ActiveCfg = Debug
		{2E38A4EE-69C6-42E0-85BB-86363B8865AB}.Debug|x86.ActiveCfg = Debug
		{2E38A4EE-69C6-42E0-85BB-86363B8865AB}.Release|Any CPU.ActiveCfg = Release
		{2E38A4EE-69C6-42E0-85BB-86363B8865AB}.Release|ARM.ActiveCfg = Release
		{2E38A4EE-69C6-42E0-85BB-86363B8865AB}.Release|ARM64.ActiveCfg = Release
		{2E38A4EE-69C6-42E0-85BB-86363B8865AB}.Release|x64.ActiveCfg = Release
		{2E38A4EE-69C6-42E0-85BB-86363B8865AB}.Release|x86.ActiveCfg = Release
		{76F46718-9362-469B-B46C-B09D5E9114FA}.Debug|Any CPU.ActiveCfg = Debug
		{76F46718-9362-469B-B46C-B09D5E9114FA}.Debug|ARM.ActiveCfg = Debug
		{76F46718-9362-469B-B46C-B09D5E9114FA}.Debug|ARM64.ActiveCfg = Debug
		{76F46718-9362-469B-B46C-B09D5E9114FA}.Debug|x64.ActiveCfg = Debug
		{76F46718-9362-469B-B46C-B09D5E9114FA}.Debug|x86.ActiveCfg = Debug
		{76F46718-9362-469B-B46C-B09D5E9114FA}.Release|Any CPU.ActiveCfg = Release
		{76F46718-9362-469B-B46C-B09D5E9114FA}.Release|ARM.ActiveCfg = Release
		{76F46718-9362-469B-B46C-B09D5E9114FA}.Release|ARM64.ActiveCfg = Release
		{76F46718-9362-469B-B46C-B09D5E9114FA}.Release|x64.ActiveCfg = Release
		{76F46718-9362-469B-B46C-B09D5E9114FA}.Release|x86.ActiveCfg = Release
	EndGlobalSection
	GlobalSection(SolutionProperties) = preSolution
		HideSolutionNode = FALSE
	EndGlobalSection
	GlobalSection(ExtensibilityGlobals) = postSolution
		SolutionGuid = {9C764BC9-0917-4D75-9114-1A9C1DA489DE}
	EndGlobalSection
EndGlobal
